GHOSTTY_TAG=v1.3.1-i386
GHOSTTY_URL=https://github.com/dynamite-bud/ghostty/releases/download/v1.3.1-i386/ghostty-v1.3.1-i386-alpine-3.24.tar.gz
GHOSTTY_SHA256=a52ecaef55ea16c45d1ea154ca93674f0859a597280480303e96346110b0c64c
CODEX_TAG=rust-v0.147.0-i386.1
CODEX_URL=https://github.com/dynamite-bud/codex/releases/download/rust-v0.147.0-i386.1/codex-rust-v0.147.0-i386-alpine-3.24.tar.gz
CODEX_SHA256=e26bae168d40474d976eb272c48ef86b8acd86bfb3028e9e83060d8f18855438
