GHOSTTY_TAG=v1.3.1-i386.1
GHOSTTY_URL=https://github.com/dynamite-bud/ghostty/releases/download/v1.3.1-i386.1/ghostty-v1.3.1-i386-alpine-3.24.tar.gz
GHOSTTY_SHA256=73391e2ea610e76d419b85634943877e98dcf1e0d412c03d2f0fc5662556114e
CODEX_TAG=rust-v0.147.0-i386.3
CODEX_URL=https://github.com/dynamite-bud/codex/releases/download/rust-v0.147.0-i386.3/codex-rust-v0.147.0-i386-alpine-3.24.tar.gz
CODEX_SHA256=592c7b39a9910d3fc7d84879ff7355cb268c007f0454d050e72bf7fa8183a5b1
