adwaita-fonts-50.0-r0
adwaita-fonts-mono-50.0-r0
adwaita-fonts-sans-50.0-r0
agetty-2.42.1-r0
agetty-openrc-0.63.2-r0
alpine-base-3.24.1-r0
alpine-baselayout-3.7.2-r1
alpine-baselayout-data-3.7.2-r1
alpine-conf-3.22.0-r0
alpine-keys-2.6-r0
alpine-release-3.24.1-r0
alsa-lib-1.2.15.3-r0
aom-libs-3.14.1-r0
apk-tools-3.0.6-r0
appstream-1.1.2-r0
at-spi2-core-2.60.5-r0
at-spi2-core-libs-2.60.5-r0
avahi-libs-0.9_rc4-r0
blkid-2.42.1-r0
bridge-1.5-r5
brotli-libs-1.2.0-r1
bubblewrap-0.11.2-r0
busybox-1.37.0-r31
busybox-binsh-1.37.0-r31
busybox-mdev-openrc-1.37.0-r31
busybox-openrc-1.37.0-r31
busybox-suid-1.37.0-r31
c-ares-1.34.8-r0
ca-certificates-20260611-r0
ca-certificates-bundle-20260611-r0
cairo-1.18.4-r1
cairo-gobject-1.18.4-r1
cdparanoia-libs-10.2-r14
cfdisk-2.42.1-r0
cryptsetup-libs-2.8.6-r0
cups-libs-2.4.19-r0
dbus-1.16.2-r2
dbus-daemon-launch-helper-1.16.2-r2
dbus-libs-1.16.2-r2
dbus-openrc-1.16.2-r2
dbus-x11-1.16.2-r2
device-mapper-2.03.35-r3
device-mapper-libs-2.03.35-r3
device-mapper-udev-2.03.35-r3
directfb-1.7.7-r8
dmesg-2.42.1-r0
encodings-1.1.0-r0
eudev-3.2.14-r6
eudev-libs-3.2.14-r6
eudev-openrc-3.2.14-r6
faac-1.31.1-r0
faad2-libs-2.11.2-r0
fdk-aac-2.0.2-r4
findmnt-2.42.1-r0
flite-2.2-r6
flock-2.42.1-r0
font-alias-1.0.6-r0
font-cursor-misc-1.0.4-r1
font-dejavu-2.37-r6
font-misc-misc-1.1.3-r1
fontconfig-2.17.1-r1
freetype-2.14.3-r0
fribidi-1.0.16-r3
fstrim-2.42.1-r0
gdbm-1.26-r0
gdk-pixbuf-2.44.7-r1
giflib-5.2.2-r1
glib-2.88.1-r1
glslang-libs-1.4.341.0-r0
glycin-image-rs-2.1.5-r0
glycin-svg-2.1.5-r0
gmp-6.3.0-r4
gnutls-3.8.13-r0
gobject-introspection-1.86.0-r1
graphene-1.10.8-r5
graphite2-1.3.14-r6
gsm-1.0.23-r0
gst-plugins-bad-1.28.3-r0
gst-plugins-base-1.28.3-r0
gstreamer-1.28.3-r0
gstreamer-ptp-helper-1.28.3-r0
gtk+3.0-3.24.52-r0
gtk-update-icon-cache-3.24.52-r0
gtk4-layer-shell-1.3.0-r0
gtk4.0-4.22.4-r0
harfbuzz-13.2.1-r0
harfbuzz-subset-13.2.1-r0
hexdump-2.42.1-r0
hicolor-icon-theme-0.18-r0
hwdata-pci-0.408-r0
ifupdown-ng-0.13.0-r0
imath-3.2.2-r1
imlib2-1.12.6-r0
iso-codes-4.20.1-r0
jq-1.8.1-r0
json-c-0.18-r1
kmod-34.2-r1
kmod-libs-34.2-r1
lame-libs-3.100-r5
lcms2-2.19-r0
lddtree-1.27-r0
libadwaita-1.9.2-r0
libapk-3.0.6-r0
libass-0.17.4-r1
libatk-1.0-2.60.5-r0
libatk-bridge-2.0-2.60.5-r0
libblkid-2.42.1-r0
libbsd-0.12.2-r0
libbz2-1.0.8-r6
libcap-ng-0.8.5-r2
libcap2-2.78-r0
libcrypto3-3.5.7-r0
libcurl-8.21.0-r0
libdav1d-1.5.3-r0
libdc1394-2.2.7-r0
libde265-1.0.18-r0
libdeflate-1.25-r0
libdrm-2.4.134-r0
libdvdcss-1.4.3-r0
libdvdnav-6.1.1-r1
libdvdread-6.1.3-r2
libeconf-0.8.3-r0
libelf-0.195-r0
libepoxy-1.5.10-r1
libevdev-1.13.6-r0
libexpat-2.8.2-r0
libfdisk-2.42.1-r0
libffi-3.5.2-r1
libflac-1.4.3-r2
libfontenc-1.1.9-r0
libfreeaptx-0.2.2-r0
libfyaml-0.9.5-r1
libgcc-15.2.0-r5
libglycin-2.1.5-r0
libgomp-15.2.0-r5
libgudev-238-r1
libheif-1.23.0-r0
libheif-aom-1.23.0-r0
libheif-dav1d-1.23.0-r0
libheif-jpeg-1.23.0-r0
libheif-libde265-1.23.0-r0
libheif-openh264-1.23.0-r0
libheif-openjpeg-1.23.0-r0
libheif-x265-1.23.0-r0
libhwy-1.3.0-r0
libice-1.1.2-r0
libid3tag-0.16.3-r0
libidn2-2.3.8-r0
libinput-libs-1.31.3-r0
libinput-udev-1.31.3-r0
libintl-1.0-r0
libjpeg-turbo-3.1.3-r0
libldac-2.0.2.3-r1
libmd-1.2.0-r0
libmodplug-0.8.9.0-r3
libmount-2.42.1-r0
libncursesw-6.6_p20260516-r0
libogg-1.3.6-r0
libpanelw-6.6_p20260516-r0
libpciaccess-0.19-r0
libpng-1.6.58-r1
libpsl-0.21.5-r3
libraw1394-2.1.2-r5
librsvg-2.62.3-r0
librtmp-2.4_git20190330-r5
libseccomp-2.6.0-r2
libsharpyuv-1.6.0-r0
libsm-1.2.6-r0
libsmartcols-2.42.1-r0
libsndfile-1.2.2-r2
libsrt-1.5.3-r1
libsrtp-2.7.0-r0
libssl3-3.5.7-r0
libstdc++-15.2.0-r5
libtasn1-4.21.0-r0
libtheora-1.2.0-r1
libunibreak-6.1-r0
libunistring-1.4.2-r0
libusb-1.0.30-r0
libuuid-2.42.1-r0
libva-2.23.0-r0
libvorbis-1.3.7-r2
libwebp-1.6.0-r0
libwebpdemux-1.6.0-r0
libwebpmux-1.6.0-r0
libx11-1.8.13-r0
libxau-1.0.12-r0
libxcb-1.17.0-r2
libxcomposite-0.4.7-r0
libxcursor-1.2.3-r0
libxcvt-0.1.3-r0
libxdamage-1.1.7-r0
libxdmcp-1.1.5-r1
libxext-1.3.7-r0
libxfixes-6.0.2-r0
libxfont2-2.0.8-r0
libxft-2.3.9-r0
libxi-1.8.3-r0
libxinerama-1.1.6-r0
libxkbcommon-1.13.1-r0
libxkbcommon-x11-1.13.1-r0
libxkbfile-1.2.0-r0
libxml2-2.13.9-r2
libxmlb-0.3.27-r0
libxmu-1.3.1-r0
libxrandr-1.5.5-r0
libxrender-0.9.12-r0
libxshmfence-1.3.3-r0
libxt-1.3.1-r0
libxtst-1.2.5-r0
libxv-1.0.13-r0
libxxf86vm-1.1.7-r0
libzbar-0.23.93-r2
linux-firmware-none-20260519-r0
linux-lts-6.18.44-r0
linux-pam-1.7.1-r2
llvm22-libs-22.1.3-r0
logger-2.42.1-r0
losetup-2.42.1-r0
lsblk-2.42.1-r0
lscpu-2.42.1-r0
mcookie-2.42.1-r0
mdev-conf-4.10-r0
mesa-26.1.6-r0
mesa-dri-gallium-26.1.6-r0
mesa-egl-26.1.6-r0
mesa-gbm-26.1.6-r0
mesa-gl-26.1.6-r0
mesa-gles-26.1.6-r0
mesa-utils-9.0.0-r6
mkfontscale-1.2.4-r0
mkinitfs-3.14.0-r0
mount-2.42.1-r0
mpdecimal-4.0.1-r0
mpg123-libs-1.33.5-r0
mtdev-1.1.7-r0
musl-1.2.6-r2
musl-utils-1.2.6-r2
ncurses-terminfo-base-6.6_p20260516-r0
neon-0.36.0-r0
nettle-3.10.2-r0
nghttp2-libs-1.69.0-r0
numactl-2.0.19-r0
oniguruma-6.9.10-r0
openal-soft-libs-1.25.2-r0
openbox-3.6.1-r8
openbox-libs-3.6.1-r8
openexr-libiex-3.4.13-r0
openexr-libilmthread-3.4.13-r0
openexr-libopenexr-3.4.13-r0
openexr-libopenexrcore-3.4.13-r0
openh264-2.6.0-r0
openjpeg-2.5.4-r1
openrc-0.63.2-r0
openrc-user-0.63.2-r0
opus-1.6.1-r0
orc-0.4.41-r0
p11-kit-0.26.2-r0
pango-1.57.1-r0
partx-2.42.1-r0
pciutils-3.15.0-r0
pciutils-libs-3.15.0-r0
pcre2-10.47-r1
pixman-0.46.4-r0
pkgconf-2.5.1-r0
pyc-3.14.7-r1
python3-3.14.7-r1
python3-pyc-3.14.7-r1
python3-pycache-pyc0-3.14.7-r1
readline-8.3.3-r1
runuser-2.42.1-r0
sbc-2.1-r0
scanelf-1.3.9-r1
seatd-0.9.3-r0
seatd-openrc-0.9.3-r0
setarch-2.42.1-r0
setpriv-2.42.1-r0
sfdisk-2.42.1-r0
shared-mime-info-2.4-r7
simdutf-9.0.0-r0
skalibs-libs-2.15.0.0-r0
soundtouch-2.4.1-r0
spandsp-0.0.6-r5
spirv-tools-1.4.341.0-r0
sqlite-libs-3.53.2-r0
ssl_client-1.37.0-r31
startup-notification-0.12-r8
tiff-4.7.1-r0
tslib-1.24-r0
tzdata-2026c-r0
udev-init-scripts-35-r1
udev-init-scripts-openrc-35-r1
umount-2.42.1-r0
util-linux-2.42.1-r0
util-linux-misc-2.42.1-r0
util-linux-openrc-2.42.1-r0
util-macros-1.20.2-r0
utmps-libs-0.1.3.3-r0
uuidgen-2.42.1-r0
vo-aacenc-0.1.3-r3
vo-amrwbenc-0.1.3-r3
vulkan-loader-1.4.347-r0
wayland-libs-client-1.25.0-r0
wayland-libs-cursor-1.25.0-r0
wayland-libs-egl-1.25.0-r0
wipefs-2.42.1-r0
x265-libs-4.1-r0
xauth-1.1.5-r0
xcb-util-0.4.1-r3
xf86-input-libinput-1.5.0-r0
xinit-1.4.4-r0
xkbcomp-1.5.0-r0
xkeyboard-config-2.47-r0
xmodmap-1.0.11-r1
xorg-server-21.1.24-r0
xorg-server-common-21.1.24-r0
xrandr-1.5.4-r0
xrdb-1.2.2-r0
xz-libs-5.8.3-r0
zlib-1.3.2-r0
zstd-libs-1.5.7-r2
